
Microsoft Visual Studio Solution File, Format Version 12.00
# Visual Studio Version 16
VisualStudioVersion = 16.0.31205.134
MinimumVisualStudioVersion = 10.0.40219.1
Project("{FAE04EC0-301F-11D3-BF4B-00C04F79EFBC}") = "TechnoBel.Api", "TechnoBel.Api\TechnoBel.Api.csproj", "{3A9A0C48-05FA-4089-8716-B326F15431D2}"
EndProject
Project("{FAE04EC0-301F-11D3-BF4B-00C04F79EFBC}") = "TechnoBel.Dal", "TechnoBel.Dal\TechnoBel.Dal.csproj", "{3FBF8545-9191-43CB-AB3F-6BAF6859DFB4}"
EndProject
Project("{FAE04EC0-301F-11D3-BF4B-00C04F79EFBC}") = "TechnoBel.Core", "TechnoBel.Core\TechnoBel.Core.csproj", "{6A87F920-64B2-41C2-842C-F36BA1324C44}"
EndProject
Global
	GlobalSection(SolutionConfigurationPlatforms) = preSolution
		Debug|Any CPU = Debug|Any CPU
		Release|Any CPU = Release|Any CPU
	EndGlobalSection
	GlobalSection(ProjectConfigurationPlatforms) = postSolution
		{3A9A0C48-05FA-4089-8716-B326F15431D2}.Debug|Any CPU.ActiveCfg = Debug|Any CPU
		{3A9A0C48-05FA-4089-8716-B326F15431D2}.Debug|Any CPU.Build.0 = Debug|Any CPU
		{3A9A0C48-05FA-4089-8716-B326F15431D2}.Release|Any CPU.ActiveCfg = Release|Any CPU
		{3A9A0C48-05FA-4089-8716-B326F15431D2}.Release|Any CPU.Build.0 = Release|Any CPU
		{3FBF8545-9191-43CB-AB3F-6BAF6859DFB4}.Debug|Any CPU.ActiveCfg = Debug|Any CPU
		{3FBF8545-9191-43CB-AB3F-6BAF6859DFB4}.Debug|Any CPU.Build.0 = Debug|Any CPU
		{3FBF8545-9191-43CB-AB3F-6BAF6859DFB4}.Release|Any CPU.ActiveCfg = Release|Any CPU
		{3FBF8545-9191-43CB-AB3F-6BAF6859DFB4}.Release|Any CPU.Build.0 = Release|Any CPU
		{6A87F920-64B2-41C2-842C-F36BA1324C44}.Debug|Any CPU.ActiveCfg = Debug|Any CPU
		{6A87F920-64B2-41C2-842C-F36BA1324C44}.Debug|Any CPU.Build.0 = Debug|Any CPU
		{6A87F920-64B2-41C2-842C-F36BA1324C44}.Release|Any CPU.ActiveCfg = Release|Any CPU
		{6A87F920-64B2-41C2-842C-F36BA1324C44}.Release|Any CPU.Build.0 = Release|Any CPU
	EndGlobalSection
	GlobalSection(SolutionProperties) = preSolution
		HideSolutionNode = FALSE
	EndGlobalSection
	GlobalSection(ExtensibilityGlobals) = postSolution
		SolutionGuid = {7F161923-FB22-4080-9DFE-166DC132C243}
	EndGlobalSection
EndGlobal
